// !$*UTF8*$!
{
	archiveVersion = 1;
	classes = {
	};
	objectVersion = 46;
	objects = {

/* Begin PBXBuildFile section */
		7AFAEEC515D003DC00E62D08 /* Foundation.framework in Frameworks */ = {isa = PBXBuildFile; fileRef = 7AFAEEC415D003DC00E62D08 /* Foundation.framework */; };
		7AFAEECA15D003DC00E62D08 /* NSUnit.h in CopyFiles */ = {isa = PBXBuildFile; fileRef = 7AFAEEC915D003DC00E62D08 /* NSUnit.h */; };
		7AFAEED415D003DD00E62D08 /* SenTestingKit.framework in Frameworks */ = {isa = PBXBuildFile; fileRef = 7AFAEED315D003DD00E62D08 /* SenTestingKit.framework */; };
		7AFAEED615D003DD00E62D08 /* UIKit.framework in Frameworks */ = {isa = PBXBuildFile; fileRef = 7AFAEED515D003DD00E62D08 /* UIKit.framework */; };
		7AFAEED715D003DD00E62D08 /* Foundation.framework in Frameworks */ = {isa = PBXBuildFile; fileRef = 7AFAEEC415D003DC00E62D08 /* Foundation.framework */; };
		7AFAEEDA15D003DD00E62D08 /* libNSUnit.a in Frameworks */ = {isa = PBXBuildFile; fileRef = 7AFAEEC115D003DC00E62D08 /* libNSUnit.a */; };
		7AFAEEE015D003DD00E62D08 /* InfoPlist.strings in Resources */ = {isa = PBXBuildFile; fileRef = 7AFAEEDE15D003DD00E62D08 /* InfoPlist.strings */; };
		7AFAEEE315D003DD00E62D08 /* NSUnitTests.m in Sources */ = {isa = PBXBuildFile; fileRef = 7AFAEEE215D003DD00E62D08 /* NSUnitTests.m */; };
		7AFAEF0315D0045800E62D08 /* AnEmpty.m in Sources */ = {isa = PBXBuildFile; fileRef = 7AFAEEF115D0045800E62D08 /* AnEmpty.m */; };
		7AFAEF0415D0045800E62D08 /* Assert.m in Sources */ = {isa = PBXBuildFile; fileRef = 7AFAEEF315D0045800E62D08 /* Assert.m */; };
		7AFAEF0515D0045800E62D08 /* Between.m in Sources */ = {isa = PBXBuildFile; fileRef = 7AFAEEF515D0045800E62D08 /* Between.m */; };
		7AFAEF0615D0045800E62D08 /* BlockOperation.m in Sources */ = {isa = PBXBuildFile; fileRef = 7AFAEEF715D0045800E62D08 /* BlockOperation.m */; };
		7AFAEF0715D0045800E62D08 /* Equal.m in Sources */ = {isa = PBXBuildFile; fileRef = 7AFAEEF915D0045800E62D08 /* Equal.m */; };
		7AFAEF0815D0045800E62D08 /* Greater.m in Sources */ = {isa = PBXBuildFile; fileRef = 7AFAEEFB15D0045800E62D08 /* Greater.m */; };
		7AFAEF0915D0045800E62D08 /* Less.m in Sources */ = {isa = PBXBuildFile; fileRef = 7AFAEEFD15D0045800E62D08 /* Less.m */; };
		7AFAEF0A15D0045800E62D08 /* NumberComparisonOperation.m in Sources */ = {isa = PBXBuildFile; fileRef = 7AFAEF0015D0045800E62D08 /* NumberComparisonOperation.m */; };
/* End PBXBuildFile section */

/* Begin PBXContainerItemProxy section */
		7AFAEED815D003DD00E62D08 /* PBXContainerItemProxy */ = {
			isa = PBXContainerItemProxy;
			containerPortal = 7AFAEEB815D003DC00E62D08 /* Project object */;
			proxyType = 1;
			remoteGlobalIDString = 7AFAEEC015D003DC00E62D08;
			remoteInfo = NSUnit;
		};
/* End PBXContainerItemProxy section */

/* Begin PBXCopyFilesBuildPhase section */
		7AFAEEBF15D003DC00E62D08 /* CopyFiles */ = {
			isa = PBXCopyFilesBuildPhase;
			buildActionMask = 2147483647;
			dstPath = "include/${PRODUCT_NAME}";
			dstSubfolderSpec = 16;
			files = (
				7AFAEECA15D003DC00E62D08 /* NSUnit.h in CopyFiles */,
			);
			runOnlyForDeploymentPostprocessing = 0;
		};
/* End PBXCopyFilesBuildPhase section */

/* Begin PBXFileReference section */
		7AFAEEC115D003DC00E62D08 /* libNSUnit.a */ = {isa = PBXFileReference; explicitFileType = archive.ar; includeInIndex = 0; path = libNSUnit.a; sourceTree = BUILT_PRODUCTS_DIR; };
		7AFAEEC415D003DC00E62D08 /* Foundation.framework */ = {isa = PBXFileReference; lastKnownFileType = wrapper.framework; name = Foundation.framework; path = System/Library/Frameworks/Foundation.framework; sourceTree = SDKROOT; };
		7AFAEEC815D003DC00E62D08 /* NSUnit-Prefix.pch */ = {isa = PBXFileReference; lastKnownFileType = sourcecode.c.h; path = "NSUnit-Prefix.pch"; sourceTree = "<group>"; };
		7AFAEEC915D003DC00E62D08 /* NSUnit.h */ = {isa = PBXFileReference; lastKnownFileType = sourcecode.c.h; path = NSUnit.h; sourceTree = "<group>"; };
		7AFAEED215D003DD00E62D08 /* NSUnitTests.octest */ = {isa = PBXFileReference; explicitFileType = wrapper.cfbundle; includeInIndex = 0; path = NSUnitTests.octest; sourceTree = BUILT_PRODUCTS_DIR; };
		7AFAEED315D003DD00E62D08 /* SenTestingKit.framework */ = {isa = PBXFileReference; lastKnownFileType = wrapper.framework; name = SenTestingKit.framework; path = Library/Frameworks/SenTestingKit.framework; sourceTree = DEVELOPER_DIR; };
		7AFAEED515D003DD00E62D08 /* UIKit.framework */ = {isa = PBXFileReference; lastKnownFileType = wrapper.framework; name = UIKit.framework; path = Library/Frameworks/UIKit.framework; sourceTree = DEVELOPER_DIR; };
		7AFAEEDD15D003DD00E62D08 /* NSUnitTests-Info.plist */ = {isa = PBXFileReference; lastKnownFileType = text.plist.xml; path = "NSUnitTests-Info.plist"; sourceTree = "<group>"; };
		7AFAEEDF15D003DD00E62D08 /* en */ = {isa = PBXFileReference; lastKnownFileType = text.plist.strings; name = en; path = en.lproj/InfoPlist.strings; sourceTree = "<group>"; };
		7AFAEEE115D003DD00E62D08 /* NSUnitTests.h */ = {isa = PBXFileReference; lastKnownFileType = sourcecode.c.h; path = NSUnitTests.h; sourceTree = "<group>"; };
		7AFAEEE215D003DD00E62D08 /* NSUnitTests.m */ = {isa = PBXFileReference; lastKnownFileType = sourcecode.c.objc; path = NSUnitTests.m; sourceTree = "<group>"; };
		7AFAEEF015D0045800E62D08 /* AnEmpty.h */ = {isa = PBXFileReference; fileEncoding = 4; lastKnownFileType = sourcecode.c.h; path = AnEmpty.h; sourceTree = "<group>"; };
		7AFAEEF115D0045800E62D08 /* AnEmpty.m */ = {isa = PBXFileReference; fileEncoding = 4; lastKnownFileType = sourcecode.c.objc; path = AnEmpty.m; sourceTree = "<group>"; };
		7AFAEEF215D0045800E62D08 /* Assert.h */ = {isa = PBXFileReference; fileEncoding = 4; lastKnownFileType = sourcecode.c.h; path = Assert.h; sourceTree = "<group>"; };
		7AFAEEF315D0045800E62D08 /* Assert.m */ = {isa = PBXFileReference; fileEncoding = 4; lastKnownFileType = sourcecode.c.objc; path = Assert.m; sourceTree = "<group>"; };
		7AFAEEF415D0045800E62D08 /* Between.h */ = {isa = PBXFileReference; fileEncoding = 4; lastKnownFileType = sourcecode.c.h; path = Between.h; sourceTree = "<group>"; };
		7AFAEEF515D0045800E62D08 /* Between.m */ = {isa = PBXFileReference; fileEncoding = 4; lastKnownFileType = sourcecode.c.objc; path = Between.m; sourceTree = "<group>"; };
		7AFAEEF615D0045800E62D08 /* BlockOperation.h */ = {isa = PBXFileReference; fileEncoding = 4; lastKnownFileType = sourcecode.c.h; path = BlockOperation.h; sourceTree = "<group>"; };
		7AFAEEF715D0045800E62D08 /* BlockOperation.m */ = {isa = PBXFileReference; fileEncoding = 4; lastKnownFileType = sourcecode.c.objc; path = BlockOperation.m; sourceTree = "<group>"; };
		7AFAEEF815D0045800E62D08 /* Equal.h */ = {isa = PBXFileReference; fileEncoding = 4; lastKnownFileType = sourcecode.c.h; path = Equal.h; sourceTree = "<group>"; };
		7AFAEEF915D0045800E62D08 /* Equal.m */ = {isa = PBXFileReference; fileEncoding = 4; lastKnownFileType = sourcecode.c.objc; path = Equal.m; sourceTree = "<group>"; };
		7AFAEEFA15D0045800E62D08 /* Greater.h */ = {isa = PBXFileReference; fileEncoding = 4; lastKnownFileType = sourcecode.c.h; path = Greater.h; sourceTree = "<group>"; };
		7AFAEEFB15D0045800E62D08 /* Greater.m */ = {isa = PBXFileReference; fileEncoding = 4; lastKnownFileType = sourcecode.c.objc; path = Greater.m; sourceTree = "<group>"; };
		7AFAEEFC15D0045800E62D08 /* Less.h */ = {isa = PBXFileReference; fileEncoding = 4; lastKnownFileType = sourcecode.c.h; path = Less.h; sourceTree = "<group>"; };
		7AFAEEFD15D0045800E62D08 /* Less.m */ = {isa = PBXFileReference; fileEncoding = 4; lastKnownFileType = sourcecode.c.objc; path = Less.m; sourceTree = "<group>"; };
		7AFAEEFE15D0045800E62D08 /* NSUnit-Info.plist */ = {isa = PBXFileReference; fileEncoding = 4; lastKnownFileType = text.plist.xml; path = "NSUnit-Info.plist"; sourceTree = "<group>"; };
		7AFAEEFF15D0045800E62D08 /* NumberComparisonOperation.h */ = {isa = PBXFileReference; fileEncoding = 4; lastKnownFileType = sourcecode.c.h; path = NumberComparisonOperation.h; sourceTree = "<group>"; };
		7AFAEF0015D0045800E62D08 /* NumberComparisonOperation.m */ = {isa = PBXFileReference; fileEncoding = 4; lastKnownFileType = sourcecode.c.objc; path = NumberComparisonOperation.m; sourceTree = "<group>"; };
		7AFAEF0115D0045800E62D08 /* OperationProtocol.h */ = {isa = PBXFileReference; fileEncoding = 4; lastKnownFileType = sourcecode.c.h; path = OperationProtocol.h; sourceTree = "<group>"; };
/* End PBXFileReference section */

/* Begin PBXFrameworksBuildPhase section */
		7AFAEEBE15D003DC00E62D08 /* Frameworks */ = {
			isa = PBXFrameworksBuildPhase;
			buildActionMask = 2147483647;
			files = (
				7AFAEEC515D003DC00E62D08 /* Foundation.framework in Frameworks */,
			);
			runOnlyForDeploymentPostprocessing = 0;
		};
		7AFAEECE15D003DC00E62D08 /* Frameworks */ = {
			isa = PBXFrameworksBuildPhase;
			buildActionMask = 2147483647;
			files = (
				7AFAEED415D003DD00E62D08 /* SenTestingKit.framework in Frameworks */,
				7AFAEED615D003DD00E62D08 /* UIKit.framework in Frameworks */,
				7AFAEED715D003DD00E62D08 /* Foundation.framework in Frameworks */,
				7AFAEEDA15D003DD00E62D08 /* libNSUnit.a in Frameworks */,
			);
			runOnlyForDeploymentPostprocessing = 0;
		};
/* End PBXFrameworksBuildPhase section */

/* Begin PBXGroup section */
		7AFAEEB615D003DC00E62D08 = {
			isa = PBXGroup;
			children = (
				7AFAEEC615D003DC00E62D08 /* NSUnit */,
				7AFAEEDB15D003DD00E62D08 /* NSUnitTests */,
				7AFAEEC315D003DC00E62D08 /* Frameworks */,
				7AFAEEC215D003DC00E62D08 /* Products */,
			);
			sourceTree = "<group>";
		};
		7AFAEEC215D003DC00E62D08 /* Products */ = {
			isa = PBXGroup;
			children = (
				7AFAEEC115D003DC00E62D08 /* libNSUnit.a */,
				7AFAEED215D003DD00E62D08 /* NSUnitTests.octest */,
			);
			name = Products;
			sourceTree = "<group>";
		};
		7AFAEEC315D003DC00E62D08 /* Frameworks */ = {
			isa = PBXGroup;
			children = (
				7AFAEEC415D003DC00E62D08 /* Foundation.framework */,
				7AFAEED315D003DD00E62D08 /* SenTestingKit.framework */,
				7AFAEED515D003DD00E62D08 /* UIKit.framework */,
			);
			name = Frameworks;
			sourceTree = "<group>";
		};
		7AFAEEC615D003DC00E62D08 /* NSUnit */ = {
			isa = PBXGroup;
			children = (
				7AFAEEF015D0045800E62D08 /* AnEmpty.h */,
				7AFAEEF115D0045800E62D08 /* AnEmpty.m */,
				7AFAEEF215D0045800E62D08 /* Assert.h */,
				7AFAEEF315D0045800E62D08 /* Assert.m */,
				7AFAEEF415D0045800E62D08 /* Between.h */,
				7AFAEEF515D0045800E62D08 /* Between.m */,
				7AFAEEF615D0045800E62D08 /* BlockOperation.h */,
				7AFAEEF715D0045800E62D08 /* BlockOperation.m */,
				7AFAEEF815D0045800E62D08 /* Equal.h */,
				7AFAEEF915D0045800E62D08 /* Equal.m */,
				7AFAEEFA15D0045800E62D08 /* Greater.h */,
				7AFAEEFB15D0045800E62D08 /* Greater.m */,
				7AFAEEFC15D0045800E62D08 /* Less.h */,
				7AFAEEFD15D0045800E62D08 /* Less.m */,
				7AFAEEFE15D0045800E62D08 /* NSUnit-Info.plist */,
				7AFAEEFF15D0045800E62D08 /* NumberComparisonOperation.h */,
				7AFAEF0015D0045800E62D08 /* NumberComparisonOperation.m */,
				7AFAEF0115D0045800E62D08 /* OperationProtocol.h */,
				7AFAEEC915D003DC00E62D08 /* NSUnit.h */,
				7AFAEEC715D003DC00E62D08 /* Supporting Files */,
			);
			path = NSUnit;
			sourceTree = "<group>";
		};
		7AFAEEC715D003DC00E62D08 /* Supporting Files */ = {
			isa = PBXGroup;
			children = (
				7AFAEEC815D003DC00E62D08 /* NSUnit-Prefix.pch */,
			);
			name = "Supporting Files";
			sourceTree = "<group>";
		};
		7AFAEEDB15D003DD00E62D08 /* NSUnitTests */ = {
			isa = PBXGroup;
			children = (
				7AFAEEE115D003DD00E62D08 /* NSUnitTests.h */,
				7AFAEEE215D003DD00E62D08 /* NSUnitTests.m */,
				7AFAEEDC15D003DD00E62D08 /* Supporting Files */,
			);
			path = NSUnitTests;
			sourceTree = "<group>";
		};
		7AFAEEDC15D003DD00E62D08 /* Supporting Files */ = {
			isa = PBXGroup;
			children = (
				7AFAEEDD15D003DD00E62D08 /* NSUnitTests-Info.plist */,
				7AFAEEDE15D003DD00E62D08 /* InfoPlist.strings */,
			);
			name = "Supporting Files";
			sourceTree = "<group>";
		};
/* End PBXGroup section */

/* Begin PBXNativeTarget section */
		7AFAEEC015D003DC00E62D08 /* NSUnit */ = {
			isa = PBXNativeTarget;
			buildConfigurationList = 7AFAEEE615D003DD00E62D08 /* Build configuration list for PBXNativeTarget "NSUnit" */;
			buildPhases = (
				7AFAEEBD15D003DC00E62D08 /* Sources */,
				7AFAEEBE15D003DC00E62D08 /* Frameworks */,
				7AFAEEBF15D003DC00E62D08 /* CopyFiles */,
			);
			buildRules = (
			);
			dependencies = (
			);
			name = NSUnit;
			productName = NSUnit;
			productReference = 7AFAEEC115D003DC00E62D08 /* libNSUnit.a */;
			productType = "com.apple.product-type.library.static";
		};
		7AFAEED115D003DC00E62D08 /* NSUnitTests */ = {
			isa = PBXNativeTarget;
			buildConfigurationList = 7AFAEEE915D003DD00E62D08 /* Build configuration list for PBXNativeTarget "NSUnitTests" */;
			buildPhases = (
				7AFAEECD15D003DC00E62D08 /* Sources */,
				7AFAEECE15D003DC00E62D08 /* Frameworks */,
				7AFAEECF15D003DC00E62D08 /* Resources */,
				7AFAEED015D003DC00E62D08 /* ShellScript */,
			);
			buildRules = (
			);
			dependencies = (
				7AFAEED915D003DD00E62D08 /* PBXTargetDependency */,
			);
			name = NSUnitTests;
			productName = NSUnitTests;
			productReference = 7AFAEED215D003DD00E62D08 /* NSUnitTests.octest */;
			productType = "com.apple.product-type.bundle";
		};
/* End PBXNativeTarget section */

/* Begin PBXProject section */
		7AFAEEB815D003DC00E62D08 /* Project object */ = {
			isa = PBXProject;
			attributes = {
				LastUpgradeCheck = 0440;
				ORGANIZATIONNAME = "Jackson Harper";
			};
			buildConfigurationList = 7AFAEEBB15D003DC00E62D08 /* Build configuration list for PBXProject "NSUnit" */;
			compatibilityVersion = "Xcode 3.2";
			developmentRegion = English;
			hasScannedForEncodings = 0;
			knownRegions = (
				en,
			);
			mainGroup = 7AFAEEB615D003DC00E62D08;
			productRefGroup = 7AFAEEC215D003DC00E62D08 /* Products */;
			projectDirPath = "";
			projectRoot = "";
			targets = (
				7AFAEEC015D003DC00E62D08 /* NSUnit */,
				7AFAEED115D003DC00E62D08 /* NSUnitTests */,
			);
		};
/* End PBXProject section */

/* Begin PBXResourcesBuildPhase section */
		7AFAEECF15D003DC00E62D08 /* Resources */ = {
			isa = PBXResourcesBuildPhase;
			buildActionMask = 2147483647;
			files = (
				7AFAEEE015D003DD00E62D08 /* InfoPlist.strings in Resources */,
			);
			runOnlyForDeploymentPostprocessing = 0;
		};
/* End PBXResourcesBuildPhase section */

/* Begin PBXShellScriptBuildPhase section */
		7AFAEED015D003DC00E62D08 /* ShellScript */ = {
			isa = PBXShellScriptBuildPhase;
			buildActionMask = 2147483647;
			files = (
			);
			inputPaths = (
			);
			outputPaths = (
			);
			runOnlyForDeploymentPostprocessing = 0;
			shellPath = /bin/sh;
			shellScript = "# Run the unit tests in this test bundle.\n\"${SYSTEM_DEVELOPER_DIR}/Tools/RunUnitTests\"\n";
		};
/* End PBXShellScriptBuildPhase section */

/* Begin PBXSourcesBuildPhase section */
		7AFAEEBD15D003DC00E62D08 /* Sources */ = {
			isa = PBXSourcesBuildPhase;
			buildActionMask = 2147483647;
			files = (
				7AFAEF0315D0045800E62D08 /* AnEmpty.m in Sources */,
				7AFAEF0415D0045800E62D08 /* Assert.m in Sources */,
				7AFAEF0515D0045800E62D08 /* Between.m in Sources */,
				7AFAEF0615D0045800E62D08 /* BlockOperation.m in Sources */,
				7AFAEF0715D0045800E62D08 /* Equal.m in Sources */,
				7AFAEF0815D0045800E62D08 /* Greater.m in Sources */,
				7AFAEF0915D0045800E62D08 /* Less.m in Sources */,
				7AFAEF0A15D0045800E62D08 /* NumberComparisonOperation.m in Sources */,
			);
			runOnlyForDeploymentPostprocessing = 0;
		};
		7AFAEECD15D003DC00E62D08 /* Sources */ = {
			isa = PBXSourcesBuildPhase;
			buildActionMask = 2147483647;
			files = (
				7AFAEEE315D003DD00E62D08 /* NSUnitTests.m in Sources */,
			);
			runOnlyForDeploymentPostprocessing = 0;
		};
/* End PBXSourcesBuildPhase section */

/* Begin PBXTargetDependency section */
		7AFAEED915D003DD00E62D08 /* PBXTargetDependency */ = {
			isa = PBXTargetDependency;
			target = 7AFAEEC015D003DC00E62D08 /* NSUnit */;
			targetProxy = 7AFAEED815D003DD00E62D08 /* PBXContainerItemProxy */;
		};
/* End PBXTargetDependency section */

/* Begin PBXVariantGroup section */
		7AFAEEDE15D003DD00E62D08 /* InfoPlist.strings */ = {
			isa = PBXVariantGroup;
			children = (
				7AFAEEDF15D003DD00E62D08 /* en */,
			);
			name = InfoPlist.strings;
			sourceTree = "<group>";
		};
/* End PBXVariantGroup section */

/* Begin XCBuildConfiguration section */
		7AFAEEE415D003DD00E62D08 /* Debug */ = {
			isa = XCBuildConfiguration;
			buildSettings = {
				ALWAYS_SEARCH_USER_PATHS = NO;
				ARCHS = "$(ARCHS_STANDARD_32_BIT)";
				CLANG_CXX_LANGUAGE_STANDARD = "gnu++0x";
				CLANG_ENABLE_OBJC_ARC = YES;
				CLANG_WARN__DUPLICATE_METHOD_MATCH = YES;
				COPY_PHASE_STRIP = NO;
				GCC_C_LANGUAGE_STANDARD = gnu99;
				GCC_DYNAMIC_NO_PIC = NO;
				GCC_OPTIMIZATION_LEVEL = 0;
				GCC_PREPROCESSOR_DEFINITIONS = (
					"DEBUG=1",
					"$(inherited)",
				);
				GCC_SYMBOLS_PRIVATE_EXTERN = NO;
				GCC_VERSION = com.apple.compilers.llvm.clang.1_0;
				GCC_WARN_ABOUT_RETURN_TYPE = YES;
				GCC_WARN_UNINITIALIZED_AUTOS = YES;
				GCC_WARN_UNUSED_VARIABLE = YES;
				IPHONEOS_DEPLOYMENT_TARGET = 5.1;
				SDKROOT = iphoneos;
			};
			name = Debug;
		};
		7AFAEEE515D003DD00E62D08 /* Release */ = {
			isa = XCBuildConfiguration;
			buildSettings = {
				ALWAYS_SEARCH_USER_PATHS = NO;
				ARCHS = "$(ARCHS_STANDARD_32_BIT)";
				CLANG_CXX_LANGUAGE_STANDARD = "gnu++0x";
				CLANG_ENABLE_OBJC_ARC = YES;
				CLANG_WARN__DUPLICATE_METHOD_MATCH = YES;
				COPY_PHASE_STRIP = YES;
				GCC_C_LANGUAGE_STANDARD = gnu99;
				GCC_VERSION = com.apple.compilers.llvm.clang.1_0;
				GCC_WARN_ABOUT_RETURN_TYPE = YES;
				GCC_WARN_UNINITIALIZED_AUTOS = YES;
				GCC_WARN_UNUSED_VARIABLE = YES;
				IPHONEOS_DEPLOYMENT_TARGET = 5.1;
				SDKROOT = iphoneos;
				VALIDATE_PRODUCT = YES;
			};
			name = Release;
		};
		7AFAEEE715D003DD00E62D08 /* Debug */ = {
			isa = XCBuildConfiguration;
			buildSettings = {
				DSTROOT = /tmp/NSUnit.dst;
				GCC_PRECOMPILE_PREFIX_HEADER = YES;
				GCC_PREFIX_HEADER = "NSUnit/NSUnit-Prefix.pch";
				OTHER_LDFLAGS = "-ObjC";
				PRODUCT_NAME = "$(TARGET_NAME)";
				SKIP_INSTALL = YES;
			};
			name = Debug;
		};
		7AFAEEE815D003DD00E62D08 /* Release */ = {
			isa = XCBuildConfiguration;
			buildSettings = {
				DSTROOT = /tmp/NSUnit.dst;
				GCC_PRECOMPILE_PREFIX_HEADER = YES;
				GCC_PREFIX_HEADER = "NSUnit/NSUnit-Prefix.pch";
				OTHER_LDFLAGS = "-ObjC";
				PRODUCT_NAME = "$(TARGET_NAME)";
				SKIP_INSTALL = YES;
			};
			name = Release;
		};
		7AFAEEEA15D003DD00E62D08 /* Debug */ = {
			isa = XCBuildConfiguration;
			buildSettings = {
				FRAMEWORK_SEARCH_PATHS = (
					"\"$(SDKROOT)/Developer/Library/Frameworks\"",
					"\"$(DEVELOPER_LIBRARY_DIR)/Frameworks\"",
				);
				GCC_PRECOMPILE_PREFIX_HEADER = YES;
				GCC_PREFIX_HEADER = "NSUnit/NSUnit-Prefix.pch";
				INFOPLIST_FILE = "NSUnitTests/NSUnitTests-Info.plist";
				PRODUCT_NAME = "$(TARGET_NAME)";
				WRAPPER_EXTENSION = octest;
			};
			name = Debug;
		};
		7AFAEEEB15D003DD00E62D08 /* Release */ = {
			isa = XCBuildConfiguration;
			buildSettings = {
				FRAMEWORK_SEARCH_PATHS = (
					"\"$(SDKROOT)/Developer/Library/Frameworks\"",
					"\"$(DEVELOPER_LIBRARY_DIR)/Frameworks\"",
				);
				GCC_PRECOMPILE_PREFIX_HEADER = YES;
				GCC_PREFIX_HEADER = "NSUnit/NSUnit-Prefix.pch";
				INFOPLIST_FILE = "NSUnitTests/NSUnitTests-Info.plist";
				PRODUCT_NAME = "$(TARGET_NAME)";
				WRAPPER_EXTENSION = octest;
			};
			name = Release;
		};
/* End XCBuildConfiguration section */

/* Begin XCConfigurationList section */
		7AFAEEBB15D003DC00E62D08 /* Build configuration list for PBXProject "NSUnit" */ = {
			isa = XCConfigurationList;
			buildConfigurations = (
				7AFAEEE415D003DD00E62D08 /* Debug */,
				7AFAEEE515D003DD00E62D08 /* Release */,
			);
			defaultConfigurationIsVisible = 0;
			defaultConfigurationName = Release;
		};
		7AFAEEE615D003DD00E62D08 /* Build configuration list for PBXNativeTarget "NSUnit" */ = {
			isa = XCConfigurationList;
			buildConfigurations = (
				7AFAEEE715D003DD00E62D08 /* Debug */,
				7AFAEEE815D003DD00E62D08 /* Release */,
			);
			defaultConfigurationIsVisible = 0;
			defaultConfigurationName = Release;
		};
		7AFAEEE915D003DD00E62D08 /* Build configuration list for PBXNativeTarget "NSUnitTests" */ = {
			isa = XCConfigurationList;
			buildConfigurations = (
				7AFAEEEA15D003DD00E62D08 /* Debug */,
				7AFAEEEB15D003DD00E62D08 /* Release */,
			);
			defaultConfigurationIsVisible = 0;
			defaultConfigurationName = Release;
		};
/* End XCConfigurationList section */
	};
	rootObject = 7AFAEEB815D003DC00E62D08 /* Project object */;
}
